
Microsoft Visual Studio Solution File, Format Version 12.00
# Visual Studio Version 17
VisualStudioVersion = 17.10.34607.79
MinimumVisualStudioVersion = 10.0.40219.1
Project("{2150E333-8FDC-42A3-9474-1A3956D46DE8}") = "Services", "Services", "{417311BD-EEF0-45BB-832B-C7588F88A1EB}"
EndProject
Project("{2150E333-8FDC-42A3-9474-1A3956D46DE8}") = "Catalog", "Catalog", "{D6019EDC-4242-424B-AE41-4360035023BB}"
EndProject
Project("{9A19103F-16F7-4668-BE54-9A1E7A4F7556}") = "Catalog.API", "Services\Catalog\Catalog.API\Catalog.API.csproj", "{C95E8272-5100-4B9E-A464-077A520236AF}"
EndProject
Project("{2150E333-8FDC-42A3-9474-1A3956D46DE8}") = "BuildingBlocks", "BuildingBlocks", "{89D7995D-418A-4CD6-9351-9014FC751FA1}"
EndProject
Project("{9A19103F-16F7-4668-BE54-9A1E7A4F7556}") = "BuildingBlocks", "BuildingBlocks\BuildingBlocks\BuildingBlocks.csproj", "{B444E135-0EED-41EE-B650-A3A1BE4225E8}"
EndProject
Project("{E53339B2-1760-4266-BCC7-CA923CBCF16C}") = "docker-compose", "docker-compose.dcproj", "{8708AF9E-0F68-4B39-8736-371407F79F5C}"
EndProject
Project("{2150E333-8FDC-42A3-9474-1A3956D46DE8}") = "Basket", "Basket", "{716C5044-F052-4D91-8F50-E6D846DFFDAA}"
EndProject
Project("{9A19103F-16F7-4668-BE54-9A1E7A4F7556}") = "Basket.API", "Services\Basket\Basket.API\Basket.API.csproj", "{4B3051F3-36C2-4946-853A-0C13038EA440}"
EndProject
Project("{2150E333-8FDC-42A3-9474-1A3956D46DE8}") = "Discount", "Discount", "{7737A45B-1D14-4D3E-9644-049465D5EEEF}"
EndProject
Project("{9A19103F-16F7-4668-BE54-9A1E7A4F7556}") = "Discount.Grpc", "Services\Discount\Discount.Grpc\Discount.Grpc.csproj", "{5BCC0281-229D-44D2-84FD-DA23065E2BA5}"
EndProject
Global
	GlobalSection(SolutionConfigurationPlatforms) = preSolution
		Debug|Any CPU = Debug|Any CPU
		Release|Any CPU = Release|Any CPU
	EndGlobalSection
	GlobalSection(ProjectConfigurationPlatforms) = postSolution
		{C95E8272-5100-4B9E-A464-077A520236AF}.Debug|Any CPU.ActiveCfg = Debug|Any CPU
		{C95E8272-5100-4B9E-A464-077A520236AF}.Debug|Any CPU.Build.0 = Debug|Any CPU
		{C95E8272-5100-4B9E-A464-077A520236AF}.Release|Any CPU.ActiveCfg = Release|Any CPU
		{C95E8272-5100-4B9E-A464-077A520236AF}.Release|Any CPU.Build.0 = Release|Any CPU
		{B444E135-0EED-41EE-B650-A3A1BE4225E8}.Debug|Any CPU.ActiveCfg = Debug|Any CPU
		{B444E135-0EED-41EE-B650-A3A1BE4225E8}.Debug|Any CPU.Build.0 = Debug|Any CPU
		{B444E135-0EED-41EE-B650-A3A1BE4225E8}.Release|Any CPU.ActiveCfg = Release|Any CPU
		{B444E135-0EED-41EE-B650-A3A1BE4225E8}.Release|Any CPU.Build.0 = Release|Any CPU
		{8708AF9E-0F68-4B39-8736-371407F79F5C}.Debug|Any CPU.ActiveCfg = Debug|Any CPU
		{8708AF9E-0F68-4B39-8736-371407F79F5C}.Debug|Any CPU.Build.0 = Debug|Any CPU
		{8708AF9E-0F68-4B39-8736-371407F79F5C}.Release|Any CPU.ActiveCfg = Release|Any CPU
		{8708AF9E-0F68-4B39-8736-371407F79F5C}.Release|Any CPU.Build.0 = Release|Any CPU
		{4B3051F3-36C2-4946-853A-0C13038EA440}.Debug|Any CPU.ActiveCfg = Debug|Any CPU
		{4B3051F3-36C2-4946-853A-0C13038EA440}.Debug|Any CPU.Build.0 = Debug|Any CPU
		{4B3051F3-36C2-4946-853A-0C13038EA440}.Release|Any CPU.ActiveCfg = Release|Any CPU
		{4B3051F3-36C2-4946-853A-0C13038EA440}.Release|Any CPU.Build.0 = Release|Any CPU
		{5BCC0281-229D-44D2-84FD-DA23065E2BA5}.Debug|Any CPU.ActiveCfg = Debug|Any CPU
		{5BCC0281-229D-44D2-84FD-DA23065E2BA5}.Debug|Any CPU.Build.0 = Debug|Any CPU
		{5BCC0281-229D-44D2-84FD-DA23065E2BA5}.Release|Any CPU.ActiveCfg = Release|Any CPU
		{5BCC0281-229D-44D2-84FD-DA23065E2BA5}.Release|Any CPU.Build.0 = Release|Any CPU
	EndGlobalSection
	GlobalSection(SolutionProperties) = preSolution
		HideSolutionNode = FALSE
	EndGlobalSection
	GlobalSection(NestedProjects) = preSolution
		{D6019EDC-4242-424B-AE41-4360035023BB} = {417311BD-EEF0-45BB-832B-C7588F88A1EB}
		{C95E8272-5100-4B9E-A464-077A520236AF} = {D6019EDC-4242-424B-AE41-4360035023BB}
		{B444E135-0EED-41EE-B650-A3A1BE4225E8} = {89D7995D-418A-4CD6-9351-9014FC751FA1}
		{716C5044-F052-4D91-8F50-E6D846DFFDAA} = {417311BD-EEF0-45BB-832B-C7588F88A1EB}
		{4B3051F3-36C2-4946-853A-0C13038EA440} = {716C5044-F052-4D91-8F50-E6D846DFFDAA}
		{7737A45B-1D14-4D3E-9644-049465D5EEEF} = {417311BD-EEF0-45BB-832B-C7588F88A1EB}
		{5BCC0281-229D-44D2-84FD-DA23065E2BA5} = {7737A45B-1D14-4D3E-9644-049465D5EEEF}
	EndGlobalSection
	GlobalSection(ExtensibilityGlobals) = postSolution
		SolutionGuid = {1EED9B80-7805-46D1-8B2A-D84CF9DF18E2}
	EndGlobalSection
EndGlobal
